
Microsoft Visual Studio Solution File, Format Version 12.00
# Visual Studio Version 17
VisualStudioVersion = 17.7.34031.279
MinimumVisualStudioVersion = 10.0.40219.1
Project("{FAE04EC0-301F-11D3-BF4B-00C04F79EFBC}") = "Ejercicio 1", "Ejercicio 1\Ejercicio 1.csproj", "{B933C22B-932F-4823-B0E6-1E27B5E3507D}"
EndProject
Global
	GlobalSection(SolutionConfigurationPlatforms) = preSolution
		Debug|Any CPU = Debug|Any CPU
		Release|Any CPU = Release|Any CPU
	EndGlobalSection
	GlobalSection(ProjectConfigurationPlatforms) = postSolution
		{B933C22B-932F-4823-B0E6-1E27B5E3507D}.Debug|Any CPU.ActiveCfg = Debug|Any CPU
		{B933C22B-932F-4823-B0E6-1E27B5E3507D}.Debug|Any CPU.Build.0 = Debug|Any CPU
		{B933C22B-932F-4823-B0E6-1E27B5E3507D}.Release|Any CPU.ActiveCfg = Release|Any CPU
		{B933C22B-932F-4823-B0E6-1E27B5E3507D}.Release|Any CPU.Build.0 = Release|Any CPU
	EndGlobalSection
	GlobalSection(SolutionProperties) = preSolution
		HideSolutionNode = FALSE
	EndGlobalSection
	GlobalSection(ExtensibilityGlobals) = postSolution
		SolutionGuid = {AF43683C-51D2-4F9E-8E64-5A630A88284E}
	EndGlobalSection
EndGlobal
